// !$*UTF8*$!
{
	archiveVersion = 1;
	classes = {
	};
	objectVersion = 50;
	objects = {

/* Begin PBXBuildFile section */
		04EFE790251F332300926AAD /* AppDelegate.swift in Sources */ = {isa = PBXBuildFile; fileRef = 04EFE78F251F332300926AAD /* AppDelegate.swift */; };
		04EFE794251F332400926AAD /* ViewController.swift in Sources */ = {isa = PBXBuildFile; fileRef = 04EFE793251F332300926AAD /* ViewController.swift */; };
		04EFE797251F332400926AAD /* Main.storyboard in Resources */ = {isa = PBXBuildFile; fileRef = 04EFE795251F332400926AAD /* Main.storyboard */; };
		04EFE79A251F332400926AAD /* GojekAssignment.xcdatamodeld in Sources */ = {isa = PBXBuildFile; fileRef = 04EFE798251F332400926AAD /* GojekAssignment.xcdatamodeld */; };
		04EFE79C251F332900926AAD /* Assets.xcassets in Resources */ = {isa = PBXBuildFile; fileRef = 04EFE79B251F332900926AAD /* Assets.xcassets */; };
		04EFE79F251F332900926AAD /* LaunchScreen.storyboard in Resources */ = {isa = PBXBuildFile; fileRef = 04EFE79D251F332900926AAD /* LaunchScreen.storyboard */; };
		04EFE7AA251F332A00926AAD /* GojekAssignmentTests.swift in Sources */ = {isa = PBXBuildFile; fileRef = 04EFE7A9251F332A00926AAD /* GojekAssignmentTests.swift */; };
		04EFE7B5251F332A00926AAD /* GojekAssignmentUITests.swift in Sources */ = {isa = PBXBuildFile; fileRef = 04EFE7B4251F332A00926AAD /* GojekAssignmentUITests.swift */; };
		04EFE7C9251F346B00926AAD /* ServiceManager.swift in Sources */ = {isa = PBXBuildFile; fileRef = 04EFE7C8251F346B00926AAD /* ServiceManager.swift */; };
		04EFE7CE251F359000926AAD /* Bindable.swift in Sources */ = {isa = PBXBuildFile; fileRef = 04EFE7CD251F359000926AAD /* Bindable.swift */; };
		04EFE7DA251F373600926AAD /* RepositoryVC.swift in Sources */ = {isa = PBXBuildFile; fileRef = 04EFE7D8251F373600926AAD /* RepositoryVC.swift */; };
		04EFE7DB251F373600926AAD /* RepositoryVC.xib in Resources */ = {isa = PBXBuildFile; fileRef = 04EFE7D9251F373600926AAD /* RepositoryVC.xib */; };
		04EFE7F8251F401000926AAD /* Extension.swift in Sources */ = {isa = PBXBuildFile; fileRef = 04EFE7F7251F401000926AAD /* Extension.swift */; };
		04EFE7FD251F472800926AAD /* SceneDelegate.swift in Sources */ = {isa = PBXBuildFile; fileRef = 04EFE7FC251F472800926AAD /* SceneDelegate.swift */; };
		04EFE802251F49E100926AAD /* RepositoryViewModel.swift in Sources */ = {isa = PBXBuildFile; fileRef = 04EFE801251F49E100926AAD /* RepositoryViewModel.swift */; };
		04EFE807251F4BDF00926AAD /* RepositoryModel.swift in Sources */ = {isa = PBXBuildFile; fileRef = 04EFE806251F4BDF00926AAD /* RepositoryModel.swift */; };
		04EFE80D251F4F0500926AAD /* BaseViewModel.swift in Sources */ = {isa = PBXBuildFile; fileRef = 04EFE80C251F4F0500926AAD /* BaseViewModel.swift */; };
		04EFE814251F53B800926AAD /* RepoTableViewCell.swift in Sources */ = {isa = PBXBuildFile; fileRef = 04EFE812251F53B800926AAD /* RepoTableViewCell.swift */; };
		04EFE815251F53B800926AAD /* RepoTableViewCell.xib in Resources */ = {isa = PBXBuildFile; fileRef = 04EFE813251F53B800926AAD /* RepoTableViewCell.xib */; };
		04EFE81A251F60AF00926AAD /* BaseTableViewCell.swift in Sources */ = {isa = PBXBuildFile; fileRef = 04EFE819251F60AF00926AAD /* BaseTableViewCell.swift */; };
		04EFE822251F63FA00926AAD /* BaseTableView.swift in Sources */ = {isa = PBXBuildFile; fileRef = 04EFE821251F63FA00926AAD /* BaseTableView.swift */; };
		04EFE828251F681200926AAD /* RootController.swift in Sources */ = {isa = PBXBuildFile; fileRef = 04EFE827251F681200926AAD /* RootController.swift */; };
		04EFE831251F933F00926AAD /* NoInternetVC.swift in Sources */ = {isa = PBXBuildFile; fileRef = 04EFE82F251F933E00926AAD /* NoInternetVC.swift */; };
		04EFE832251F933F00926AAD /* NoInternetVC.xib in Resources */ = {isa = PBXBuildFile; fileRef = 04EFE830251F933E00926AAD /* NoInternetVC.xib */; };
/* End PBXBuildFile section */

/* Begin PBXContainerItemProxy section */
		04EFE7A6251F332A00926AAD /* PBXContainerItemProxy */ = {
			isa = PBXContainerItemProxy;
			containerPortal = 04EFE784251F332300926AAD /* Project object */;
			proxyType = 1;
			remoteGlobalIDString = 04EFE78B251F332300926AAD;
			remoteInfo = GojekAssignment;
		};
		04EFE7B1251F332A00926AAD /* PBXContainerItemProxy */ = {
			isa = PBXContainerItemProxy;
			containerPortal = 04EFE784251F332300926AAD /* Project object */;
			proxyType = 1;
			remoteGlobalIDString = 04EFE78B251F332300926AAD;
			remoteInfo = GojekAssignment;
		};
/* End PBXContainerItemProxy section */

/* Begin PBXFileReference section */
		04EFE78C251F332300926AAD /* GojekAssignment.app */ = {isa = PBXFileReference; explicitFileType = wrapper.application; includeInIndex = 0; path = GojekAssignment.app; sourceTree = BUILT_PRODUCTS_DIR; };
		04EFE78F251F332300926AAD /* AppDelegate.swift */ = {isa = PBXFileReference; lastKnownFileType = sourcecode.swift; path = AppDelegate.swift; sourceTree = "<group>"; };
		04EFE793251F332300926AAD /* ViewController.swift */ = {isa = PBXFileReference; lastKnownFileType = sourcecode.swift; path = ViewController.swift; sourceTree = "<group>"; };
		04EFE796251F332400926AAD /* Base */ = {isa = PBXFileReference; lastKnownFileType = file.storyboard; name = Base; path = Base.lproj/Main.storyboard; sourceTree = "<group>"; };
		04EFE799251F332400926AAD /* GojekAssignment.xcdatamodel */ = {isa = PBXFileReference; lastKnownFileType = wrapper.xcdatamodel; path = GojekAssignment.xcdatamodel; sourceTree = "<group>"; };
		04EFE79B251F332900926AAD /* Assets.xcassets */ = {isa = PBXFileReference; lastKnownFileType = folder.assetcatalog; path = Assets.xcassets; sourceTree = "<group>"; };
		04EFE79E251F332900926AAD /* Base */ = {isa = PBXFileReference; lastKnownFileType = file.storyboard; name = Base; path = Base.lproj/LaunchScreen.storyboard; sourceTree = "<group>"; };
		04EFE7A0251F332900926AAD /* Info.plist */ = {isa = PBXFileReference; lastKnownFileType = text.plist.xml; path = Info.plist; sourceTree = "<group>"; };
		04EFE7A5251F332A00926AAD /* GojekAssignmentTests.xctest */ = {isa = PBXFileReference; explicitFileType = wrapper.cfbundle; includeInIndex = 0; path = GojekAssignmentTests.xctest; sourceTree = BUILT_PRODUCTS_DIR; };
		04EFE7A9251F332A00926AAD /* GojekAssignmentTests.swift */ = {isa = PBXFileReference; lastKnownFileType = sourcecode.swift; path = GojekAssignmentTests.swift; sourceTree = "<group>"; };
		04EFE7AB251F332A00926AAD /* Info.plist */ = {isa = PBXFileReference; lastKnownFileType = text.plist.xml; path = Info.plist; sourceTree = "<group>"; };
		04EFE7B0251F332A00926AAD /* GojekAssignmentUITests.xctest */ = {isa = PBXFileReference; explicitFileType = wrapper.cfbundle; includeInIndex = 0; path = GojekAssignmentUITests.xctest; sourceTree = BUILT_PRODUCTS_DIR; };
		04EFE7B4251F332A00926AAD /* GojekAssignmentUITests.swift */ = {isa = PBXFileReference; lastKnownFileType = sourcecode.swift; path = GojekAssignmentUITests.swift; sourceTree = "<group>"; };
		04EFE7B6251F332A00926AAD /* Info.plist */ = {isa = PBXFileReference; lastKnownFileType = text.plist.xml; path = Info.plist; sourceTree = "<group>"; };
		04EFE7C8251F346B00926AAD /* ServiceManager.swift */ = {isa = PBXFileReference; lastKnownFileType = sourcecode.swift; path = ServiceManager.swift; sourceTree = "<group>"; };
		04EFE7CD251F359000926AAD /* Bindable.swift */ = {isa = PBXFileReference; lastKnownFileType = sourcecode.swift; path = Bindable.swift; sourceTree = "<group>"; };
		04EFE7D8251F373600926AAD /* RepositoryVC.swift */ = {isa = PBXFileReference; lastKnownFileType = sourcecode.swift; path = RepositoryVC.swift; sourceTree = "<group>"; };
		04EFE7D9251F373600926AAD /* RepositoryVC.xib */ = {isa = PBXFileReference; lastKnownFileType = file.xib; path = RepositoryVC.xib; sourceTree = "<group>"; };
		04EFE7F7251F401000926AAD /* Extension.swift */ = {isa = PBXFileReference; lastKnownFileType = sourcecode.swift; path = Extension.swift; sourceTree = "<group>"; };
		04EFE7FC251F472800926AAD /* SceneDelegate.swift */ = {isa = PBXFileReference; fileEncoding = 4; lastKnownFileType = sourcecode.swift; path = SceneDelegate.swift; sourceTree = "<group>"; };
		04EFE801251F49E100926AAD /* RepositoryViewModel.swift */ = {isa = PBXFileReference; lastKnownFileType = sourcecode.swift; path = RepositoryViewModel.swift; sourceTree = "<group>"; };
		04EFE806251F4BDF00926AAD /* RepositoryModel.swift */ = {isa = PBXFileReference; lastKnownFileType = sourcecode.swift; path = RepositoryModel.swift; sourceTree = "<group>"; };
		04EFE80C251F4F0500926AAD /* BaseViewModel.swift */ = {isa = PBXFileReference; lastKnownFileType = sourcecode.swift; path = BaseViewModel.swift; sourceTree = "<group>"; };
		04EFE812251F53B800926AAD /* RepoTableViewCell.swift */ = {isa = PBXFileReference; lastKnownFileType = sourcecode.swift; path = RepoTableViewCell.swift; sourceTree = "<group>"; };
		04EFE813251F53B800926AAD /* RepoTableViewCell.xib */ = {isa = PBXFileReference; lastKnownFileType = file.xib; path = RepoTableViewCell.xib; sourceTree = "<group>"; };
		04EFE819251F60AF00926AAD /* BaseTableViewCell.swift */ = {isa = PBXFileReference; lastKnownFileType = sourcecode.swift; path = BaseTableViewCell.swift; sourceTree = "<group>"; };
		04EFE821251F63FA00926AAD /* BaseTableView.swift */ = {isa = PBXFileReference; fileEncoding = 4; lastKnownFileType = sourcecode.swift; path = BaseTableView.swift; sourceTree = "<group>"; };
		04EFE827251F681200926AAD /* RootController.swift */ = {isa = PBXFileReference; lastKnownFileType = sourcecode.swift; path = RootController.swift; sourceTree = "<group>"; };
		04EFE82F251F933E00926AAD /* NoInternetVC.swift */ = {isa = PBXFileReference; lastKnownFileType = sourcecode.swift; path = NoInternetVC.swift; sourceTree = "<group>"; };
		04EFE830251F933E00926AAD /* NoInternetVC.xib */ = {isa = PBXFileReference; lastKnownFileType = file.xib; path = NoInternetVC.xib; sourceTree = "<group>"; };
/* End PBXFileReference section */

/* Begin PBXFrameworksBuildPhase section */
		04EFE789251F332300926AAD /* Frameworks */ = {
			isa = PBXFrameworksBuildPhase;
			buildActionMask = 2147483647;
			files = (
			);
			runOnlyForDeploymentPostprocessing = 0;
		};
		04EFE7A2251F332A00926AAD /* Frameworks */ = {
			isa = PBXFrameworksBuildPhase;
			buildActionMask = 2147483647;
			files = (
			);
			runOnlyForDeploymentPostprocessing = 0;
		};
		04EFE7AD251F332A00926AAD /* Frameworks */ = {
			isa = PBXFrameworksBuildPhase;
			buildActionMask = 2147483647;
			files = (
			);
			runOnlyForDeploymentPostprocessing = 0;
		};
/* End PBXFrameworksBuildPhase section */

/* Begin PBXGroup section */
		04EFE783251F332300926AAD = {
			isa = PBXGroup;
			children = (
				04EFE78E251F332300926AAD /* GojekAssignment */,
				04EFE7A8251F332A00926AAD /* GojekAssignmentTests */,
				04EFE7B3251F332A00926AAD /* GojekAssignmentUITests */,
				04EFE78D251F332300926AAD /* Products */,
			);
			sourceTree = "<group>";
		};
		04EFE78D251F332300926AAD /* Products */ = {
			isa = PBXGroup;
			children = (
				04EFE78C251F332300926AAD /* GojekAssignment.app */,
				04EFE7A5251F332A00926AAD /* GojekAssignmentTests.xctest */,
				04EFE7B0251F332A00926AAD /* GojekAssignmentUITests.xctest */,
			);
			name = Products;
			sourceTree = "<group>";
		};
		04EFE78E251F332300926AAD /* GojekAssignment */ = {
			isa = PBXGroup;
			children = (
				04EFE7D2251F35C300926AAD /* Module */,
				04EFE7C6251F341800926AAD /* Common */,
				04EFE78F251F332300926AAD /* AppDelegate.swift */,
				04EFE7FC251F472800926AAD /* SceneDelegate.swift */,
				04EFE793251F332300926AAD /* ViewController.swift */,
				04EFE795251F332400926AAD /* Main.storyboard */,
				04EFE79B251F332900926AAD /* Assets.xcassets */,
				04EFE79D251F332900926AAD /* LaunchScreen.storyboard */,
				04EFE7A0251F332900926AAD /* Info.plist */,
				04EFE798251F332400926AAD /* GojekAssignment.xcdatamodeld */,
			);
			path = GojekAssignment;
			sourceTree = "<group>";
		};
		04EFE7A8251F332A00926AAD /* GojekAssignmentTests */ = {
			isa = PBXGroup;
			children = (
				04EFE7A9251F332A00926AAD /* GojekAssignmentTests.swift */,
				04EFE7AB251F332A00926AAD /* Info.plist */,
			);
			path = GojekAssignmentTests;
			sourceTree = "<group>";
		};
		04EFE7B3251F332A00926AAD /* GojekAssignmentUITests */ = {
			isa = PBXGroup;
			children = (
				04EFE7B4251F332A00926AAD /* GojekAssignmentUITests.swift */,
				04EFE7B6251F332A00926AAD /* Info.plist */,
			);
			path = GojekAssignmentUITests;
			sourceTree = "<group>";
		};
		04EFE7C6251F341800926AAD /* Common */ = {
			isa = PBXGroup;
			children = (
				04EFE80B251F4ECC00926AAD /* BaseClasses */,
				04EFE7C7251F343800926AAD /* ServiceManager */,
				04EFE7CD251F359000926AAD /* Bindable.swift */,
				04EFE7F7251F401000926AAD /* Extension.swift */,
			);
			path = Common;
			sourceTree = "<group>";
		};
		04EFE7C7251F343800926AAD /* ServiceManager */ = {
			isa = PBXGroup;
			children = (
				04EFE7C8251F346B00926AAD /* ServiceManager.swift */,
			);
			path = ServiceManager;
			sourceTree = "<group>";
		};
		04EFE7D2251F35C300926AAD /* Module */ = {
			isa = PBXGroup;
			children = (
				04EFE82C251F6F2F00926AAD /* NoInternet */,
				04EFE7D3251F35ED00926AAD /* RepositoryList */,
			);
			path = Module;
			sourceTree = "<group>";
		};
		04EFE7D3251F35ED00926AAD /* RepositoryList */ = {
			isa = PBXGroup;
			children = (
				04EFE7D7251F36B000926AAD /* Controller */,
				04EFE7D6251F367900926AAD /* View */,
				04EFE7D5251F363B00926AAD /* ViewModel */,
				04EFE7D4251F362A00926AAD /* Model */,
			);
			path = RepositoryList;
			sourceTree = "<group>";
		};
		04EFE7D4251F362A00926AAD /* Model */ = {
			isa = PBXGroup;
			children = (
				04EFE806251F4BDF00926AAD /* RepositoryModel.swift */,
			);
			path = Model;
			sourceTree = "<group>";
		};
		04EFE7D5251F363B00926AAD /* ViewModel */ = {
			isa = PBXGroup;
			children = (
				04EFE801251F49E100926AAD /* RepositoryViewModel.swift */,
			);
			path = ViewModel;
			sourceTree = "<group>";
		};
		04EFE7D6251F367900926AAD /* View */ = {
			isa = PBXGroup;
			children = (
				04EFE811251F536A00926AAD /* CustomeTableViewCells */,
				04EFE7D9251F373600926AAD /* RepositoryVC.xib */,
			);
			path = View;
			sourceTree = "<group>";
		};
		04EFE7D7251F36B000926AAD /* Controller */ = {
			isa = PBXGroup;
			children = (
				04EFE7D8251F373600926AAD /* RepositoryVC.swift */,
			);
			path = Controller;
			sourceTree = "<group>";
		};
		04EFE80B251F4ECC00926AAD /* BaseClasses */ = {
			isa = PBXGroup;
			children = (
				04EFE821251F63FA00926AAD /* BaseTableView.swift */,
				04EFE80C251F4F0500926AAD /* BaseViewModel.swift */,
				04EFE819251F60AF00926AAD /* BaseTableViewCell.swift */,
				04EFE827251F681200926AAD /* RootController.swift */,
			);
			path = BaseClasses;
			sourceTree = "<group>";
		};
		04EFE811251F536A00926AAD /* CustomeTableViewCells */ = {
			isa = PBXGroup;
			children = (
				04EFE812251F53B800926AAD /* RepoTableViewCell.swift */,
				04EFE813251F53B800926AAD /* RepoTableViewCell.xib */,
			);
			path = CustomeTableViewCells;
			sourceTree = "<group>";
		};
		04EFE82C251F6F2F00926AAD /* NoInternet */ = {
			isa = PBXGroup;
			children = (
				04EFE82E251F92C500926AAD /* View */,
				04EFE82D251F92B200926AAD /* Controller */,
			);
			path = NoInternet;
			sourceTree = "<group>";
		};
		04EFE82D251F92B200926AAD /* Controller */ = {
			isa = PBXGroup;
			children = (
				04EFE82F251F933E00926AAD /* NoInternetVC.swift */,
			);
			path = Controller;
			sourceTree = "<group>";
		};
		04EFE82E251F92C500926AAD /* View */ = {
			isa = PBXGroup;
			children = (
				04EFE830251F933E00926AAD /* NoInternetVC.xib */,
			);
			path = View;
			sourceTree = "<group>";
		};
/* End PBXGroup section */

/* Begin PBXNativeTarget section */
		04EFE78B251F332300926AAD /* GojekAssignment */ = {
			isa = PBXNativeTarget;
			buildConfigurationList = 04EFE7B9251F332A00926AAD /* Build configuration list for PBXNativeTarget "GojekAssignment" */;
			buildPhases = (
				04EFE788251F332300926AAD /* Sources */,
				04EFE789251F332300926AAD /* Frameworks */,
				04EFE78A251F332300926AAD /* Resources */,
			);
			buildRules = (
			);
			dependencies = (
			);
			name = GojekAssignment;
			productName = GojekAssignment;
			productReference = 04EFE78C251F332300926AAD /* GojekAssignment.app */;
			productType = "com.apple.product-type.application";
		};
		04EFE7A4251F332A00926AAD /* GojekAssignmentTests */ = {
			isa = PBXNativeTarget;
			buildConfigurationList = 04EFE7BC251F332A00926AAD /* Build configuration list for PBXNativeTarget "GojekAssignmentTests" */;
			buildPhases = (
				04EFE7A1251F332A00926AAD /* Sources */,
				04EFE7A2251F332A00926AAD /* Frameworks */,
				04EFE7A3251F332A00926AAD /* Resources */,
			);
			buildRules = (
			);
			dependencies = (
				04EFE7A7251F332A00926AAD /* PBXTargetDependency */,
			);
			name = GojekAssignmentTests;
			productName = GojekAssignmentTests;
			productReference = 04EFE7A5251F332A00926AAD /* GojekAssignmentTests.xctest */;
			productType = "com.apple.product-type.bundle.unit-test";
		};
		04EFE7AF251F332A00926AAD /* GojekAssignmentUITests */ = {
			isa = PBXNativeTarget;
			buildConfigurationList = 04EFE7BF251F332A00926AAD /* Build configuration list for PBXNativeTarget "GojekAssignmentUITests" */;
			buildPhases = (
				04EFE7AC251F332A00926AAD /* Sources */,
				04EFE7AD251F332A00926AAD /* Frameworks */,
				04EFE7AE251F332A00926AAD /* Resources */,
			);
			buildRules = (
			);
			dependencies = (
				04EFE7B2251F332A00926AAD /* PBXTargetDependency */,
			);
			name = GojekAssignmentUITests;
			productName = GojekAssignmentUITests;
			productReference = 04EFE7B0251F332A00926AAD /* GojekAssignmentUITests.xctest */;
			productType = "com.apple.product-type.bundle.ui-testing";
		};
/* End PBXNativeTarget section */

/* Begin PBXProject section */
		04EFE784251F332300926AAD /* Project object */ = {
			isa = PBXProject;
			attributes = {
				LastSwiftUpdateCheck = 1200;
				LastUpgradeCheck = 1200;
				TargetAttributes = {
					04EFE78B251F332300926AAD = {
						CreatedOnToolsVersion = 12.0;
					};
					04EFE7A4251F332A00926AAD = {
						CreatedOnToolsVersion = 12.0;
						TestTargetID = 04EFE78B251F332300926AAD;
					};
					04EFE7AF251F332A00926AAD = {
						CreatedOnToolsVersion = 12.0;
						TestTargetID = 04EFE78B251F332300926AAD;
					};
				};
			};
			buildConfigurationList = 04EFE787251F332300926AAD /* Build configuration list for PBXProject "GojekAssignment" */;
			compatibilityVersion = "Xcode 9.3";
			developmentRegion = en;
			hasScannedForEncodings = 0;
			knownRegions = (
				en,
				Base,
			);
			mainGroup = 04EFE783251F332300926AAD;
			productRefGroup = 04EFE78D251F332300926AAD /* Products */;
			projectDirPath = "";
			projectRoot = "";
			targets = (
				04EFE78B251F332300926AAD /* GojekAssignment */,
				04EFE7A4251F332A00926AAD /* GojekAssignmentTests */,
				04EFE7AF251F332A00926AAD /* GojekAssignmentUITests */,
			);
		};
/* End PBXProject section */

/* Begin PBXResourcesBuildPhase section */
		04EFE78A251F332300926AAD /* Resources */ = {
			isa = PBXResourcesBuildPhase;
			buildActionMask = 2147483647;
			files = (
				04EFE79F251F332900926AAD /* LaunchScreen.storyboard in Resources */,
				04EFE79C251F332900926AAD /* Assets.xcassets in Resources */,
				04EFE832251F933F00926AAD /* NoInternetVC.xib in Resources */,
				04EFE7DB251F373600926AAD /* RepositoryVC.xib in Resources */,
				04EFE797251F332400926AAD /* Main.storyboard in Resources */,
				04EFE815251F53B800926AAD /* RepoTableViewCell.xib in Resources */,
			);
			runOnlyForDeploymentPostprocessing = 0;
		};
		04EFE7A3251F332A00926AAD /* Resources */ = {
			isa = PBXResourcesBuildPhase;
			buildActionMask = 2147483647;
			files = (
			);
			runOnlyForDeploymentPostprocessing = 0;
		};
		04EFE7AE251F332A00926AAD /* Resources */ = {
			isa = PBXResourcesBuildPhase;
			buildActionMask = 2147483647;
			files = (
			);
			runOnlyForDeploymentPostprocessing = 0;
		};
/* End PBXResourcesBuildPhase section */

/* Begin PBXSourcesBuildPhase section */
		04EFE788251F332300926AAD /* Sources */ = {
			isa = PBXSourcesBuildPhase;
			buildActionMask = 2147483647;
			files = (
				04EFE794251F332400926AAD /* ViewController.swift in Sources */,
				04EFE80D251F4F0500926AAD /* BaseViewModel.swift in Sources */,
				04EFE807251F4BDF00926AAD /* RepositoryModel.swift in Sources */,
				04EFE79A251F332400926AAD /* GojekAssignment.xcdatamodeld in Sources */,
				04EFE7F8251F401000926AAD /* Extension.swift in Sources */,
				04EFE828251F681200926AAD /* RootController.swift in Sources */,
				04EFE7CE251F359000926AAD /* Bindable.swift in Sources */,
				04EFE790251F332300926AAD /* AppDelegate.swift in Sources */,
				04EFE802251F49E100926AAD /* RepositoryViewModel.swift in Sources */,
				04EFE822251F63FA00926AAD /* BaseTableView.swift in Sources */,
				04EFE7DA251F373600926AAD /* RepositoryVC.swift in Sources */,
				04EFE7C9251F346B00926AAD /* ServiceManager.swift in Sources */,
				04EFE831251F933F00926AAD /* NoInternetVC.swift in Sources */,
				04EFE7FD251F472800926AAD /* SceneDelegate.swift in Sources */,
				04EFE81A251F60AF00926AAD /* BaseTableViewCell.swift in Sources */,
				04EFE814251F53B800926AAD /* RepoTableViewCell.swift in Sources */,
			);
			runOnlyForDeploymentPostprocessing = 0;
		};
		04EFE7A1251F332A00926AAD /* Sources */ = {
			isa = PBXSourcesBuildPhase;
			buildActionMask = 2147483647;
			files = (
				04EFE7AA251F332A00926AAD /* GojekAssignmentTests.swift in Sources */,
			);
			runOnlyForDeploymentPostprocessing = 0;
		};
		04EFE7AC251F332A00926AAD /* Sources */ = {
			isa = PBXSourcesBuildPhase;
			buildActionMask = 2147483647;
			files = (
				04EFE7B5251F332A00926AAD /* GojekAssignmentUITests.swift in Sources */,
			);
			runOnlyForDeploymentPostprocessing = 0;
		};
/* End PBXSourcesBuildPhase section */

/* Begin PBXTargetDependency section */
		04EFE7A7251F332A00926AAD /* PBXTargetDependency */ = {
			isa = PBXTargetDependency;
			target = 04EFE78B251F332300926AAD /* GojekAssignment */;
			targetProxy = 04EFE7A6251F332A00926AAD /* PBXContainerItemProxy */;
		};
		04EFE7B2251F332A00926AAD /* PBXTargetDependency */ = {
			isa = PBXTargetDependency;
			target = 04EFE78B251F332300926AAD /* GojekAssignment */;
			targetProxy = 04EFE7B1251F332A00926AAD /* PBXContainerItemProxy */;
		};
/* End PBXTargetDependency section */

/* Begin PBXVariantGroup section */
		04EFE795251F332400926AAD /* Main.storyboard */ = {
			isa = PBXVariantGroup;
			children = (
				04EFE796251F332400926AAD /* Base */,
			);
			name = Main.storyboard;
			sourceTree = "<group>";
		};
		04EFE79D251F332900926AAD /* LaunchScreen.storyboard */ = {
			isa = PBXVariantGroup;
			children = (
				04EFE79E251F332900926AAD /* Base */,
			);
			name = LaunchScreen.storyboard;
			sourceTree = "<group>";
		};
/* End PBXVariantGroup section */

/* Begin XCBuildConfiguration section */
		04EFE7B7251F332A00926AAD /* Debug */ = {
			isa = XCBuildConfiguration;
			buildSettings = {
				ALWAYS_SEARCH_USER_PATHS = NO;
				CLANG_ANALYZER_NONNULL = YES;
				CLANG_ANALYZER_NUMBER_OBJECT_CONVERSION = YES_AGGRESSIVE;
				CLANG_CXX_LANGUAGE_STANDARD = "gnu++14";
				CLANG_CXX_LIBRARY = "libc++";
				CLANG_ENABLE_MODULES = YES;
				CLANG_ENABLE_OBJC_ARC = YES;
				CLANG_ENABLE_OBJC_WEAK = YES;
				CLANG_WARN_BLOCK_CAPTURE_AUTORELEASING = YES;
				CLANG_WARN_BOOL_CONVERSION = YES;
				CLANG_WARN_COMMA = YES;
				CLANG_WARN_CONSTANT_CONVERSION = YES;
				CLANG_WARN_DEPRECATED_OBJC_IMPLEMENTATIONS = YES;
				CLANG_WARN_DIRECT_OBJC_ISA_USAGE = YES_ERROR;
				CLANG_WARN_DOCUMENTATION_COMMENTS = YES;
				CLANG_WARN_EMPTY_BODY = YES;
				CLANG_WARN_ENUM_CONVERSION = YES;
				CLANG_WARN_INFINITE_RECURSION = YES;
				CLANG_WARN_INT_CONVERSION = YES;
				CLANG_WARN_NON_LITERAL_NULL_CONVERSION = YES;
				CLANG_WARN_OBJC_IMPLICIT_RETAIN_SELF = YES;
				CLANG_WARN_OBJC_LITERAL_CONVERSION = YES;
				CLANG_WARN_OBJC_ROOT_CLASS = YES_ERROR;
				CLANG_WARN_QUOTED_INCLUDE_IN_FRAMEWORK_HEADER = YES;
				CLANG_WARN_RANGE_LOOP_ANALYSIS = YES;
				CLANG_WARN_STRICT_PROTOTYPES = YES;
				CLANG_WARN_SUSPICIOUS_MOVE = YES;
				CLANG_WARN_UNGUARDED_AVAILABILITY = YES_AGGRESSIVE;
				CLANG_WARN_UNREACHABLE_CODE = YES;
				CLANG_WARN__DUPLICATE_METHOD_MATCH = YES;
				COPY_PHASE_STRIP = NO;
				DEBUG_INFORMATION_FORMAT = dwarf;
				ENABLE_STRICT_OBJC_MSGSEND = YES;
				ENABLE_TESTABILITY = YES;
				GCC_C_LANGUAGE_STANDARD = gnu11;
				GCC_DYNAMIC_NO_PIC = NO;
				GCC_NO_COMMON_BLOCKS = YES;
				GCC_OPTIMIZATION_LEVEL = 0;
				GCC_PREPROCESSOR_DEFINITIONS = (
					"DEBUG=1",
					"$(inherited)",
				);
				GCC_WARN_64_TO_32_BIT_CONVERSION = YES;
				GCC_WARN_ABOUT_RETURN_TYPE = YES_ERROR;
				GCC_WARN_UNDECLARED_SELECTOR = YES;
				GCC_WARN_UNINITIALIZED_AUTOS = YES_AGGRESSIVE;
				GCC_WARN_UNUSED_FUNCTION = YES;
				GCC_WARN_UNUSED_VARIABLE = YES;
				IPHONEOS_DEPLOYMENT_TARGET = 14.0;
				MTL_ENABLE_DEBUG_INFO = INCLUDE_SOURCE;
				MTL_FAST_MATH = YES;
				ONLY_ACTIVE_ARCH = YES;
				SDKROOT = iphoneos;
				SWIFT_ACTIVE_COMPILATION_CONDITIONS = DEBUG;
				SWIFT_OPTIMIZATION_LEVEL = "-Onone";
			};
			name = Debug;
		};
		04EFE7B8251F332A00926AAD /* Release */ = {
			isa = XCBuildConfiguration;
			buildSettings = {
				ALWAYS_SEARCH_USER_PATHS = NO;
				CLANG_ANALYZER_NONNULL = YES;
				CLANG_ANALYZER_NUMBER_OBJECT_CONVERSION = YES_AGGRESSIVE;
				CLANG_CXX_LANGUAGE_STANDARD = "gnu++14";
				CLANG_CXX_LIBRARY = "libc++";
				CLANG_ENABLE_MODULES = YES;
				CLANG_ENABLE_OBJC_ARC = YES;
				CLANG_ENABLE_OBJC_WEAK = YES;
				CLANG_WARN_BLOCK_CAPTURE_AUTORELEASING = YES;
				CLANG_WARN_BOOL_CONVERSION = YES;
				CLANG_WARN_COMMA = YES;
				CLANG_WARN_CONSTANT_CONVERSION = YES;
				CLANG_WARN_DEPRECATED_OBJC_IMPLEMENTATIONS = YES;
				CLANG_WARN_DIRECT_OBJC_ISA_USAGE = YES_ERROR;
				CLANG_WARN_DOCUMENTATION_COMMENTS = YES;
				CLANG_WARN_EMPTY_BODY = YES;
				CLANG_WARN_ENUM_CONVERSION = YES;
				CLANG_WARN_INFINITE_RECURSION = YES;
				CLANG_WARN_INT_CONVERSION = YES;
				CLANG_WARN_NON_LITERAL_NULL_CONVERSION = YES;
				CLANG_WARN_OBJC_IMPLICIT_RETAIN_SELF = YES;
				CLANG_WARN_OBJC_LITERAL_CONVERSION = YES;
				CLANG_WARN_OBJC_ROOT_CLASS = YES_ERROR;
				CLANG_WARN_QUOTED_INCLUDE_IN_FRAMEWORK_HEADER = YES;
				CLANG_WARN_RANGE_LOOP_ANALYSIS = YES;
				CLANG_WARN_STRICT_PROTOTYPES = YES;
				CLANG_WARN_SUSPICIOUS_MOVE = YES;
				CLANG_WARN_UNGUARDED_AVAILABILITY = YES_AGGRESSIVE;
				CLANG_WARN_UNREACHABLE_CODE = YES;
				CLANG_WARN__DUPLICATE_METHOD_MATCH = YES;
				COPY_PHASE_STRIP = NO;
				DEBUG_INFORMATION_FORMAT = "dwarf-with-dsym";
				ENABLE_NS_ASSERTIONS = NO;
				ENABLE_STRICT_OBJC_MSGSEND = YES;
				GCC_C_LANGUAGE_STANDARD = gnu11;
				GCC_NO_COMMON_BLOCKS = YES;
				GCC_WARN_64_TO_32_BIT_CONVERSION = YES;
				GCC_WARN_ABOUT_RETURN_TYPE = YES_ERROR;
				GCC_WARN_UNDECLARED_SELECTOR = YES;
				GCC_WARN_UNINITIALIZED_AUTOS = YES_AGGRESSIVE;
				GCC_WARN_UNUSED_FUNCTION = YES;
				GCC_WARN_UNUSED_VARIABLE = YES;
				IPHONEOS_DEPLOYMENT_TARGET = 14.0;
				MTL_ENABLE_DEBUG_INFO = NO;
				MTL_FAST_MATH = YES;
				SDKROOT = iphoneos;
				SWIFT_COMPILATION_MODE = wholemodule;
				SWIFT_OPTIMIZATION_LEVEL = "-O";
				VALIDATE_PRODUCT = YES;
			};
			name = Release;
		};
		04EFE7BA251F332A00926AAD /* Debug */ = {
			isa = XCBuildConfiguration;
			buildSettings = {
				ASSETCATALOG_COMPILER_APPICON_NAME = AppIcon;
				ASSETCATALOG_COMPILER_GLOBAL_ACCENT_COLOR_NAME = AccentColor;
				CODE_SIGN_STYLE = Automatic;
				DEVELOPMENT_TEAM = Z9LJ2SPF7Z;
				INFOPLIST_FILE = GojekAssignment/Info.plist;
				IPHONEOS_DEPLOYMENT_TARGET = 11.0;
				LD_RUNPATH_SEARCH_PATHS = (
					"$(inherited)",
					"@executable_path/Frameworks",
				);
				PRODUCT_BUNDLE_IDENTIFIER = com.one97.IpayWallet;
				PRODUCT_NAME = "$(TARGET_NAME)";
				SWIFT_VERSION = 5.0;
				TARGETED_DEVICE_FAMILY = 1;
			};
			name = Debug;
		};
		04EFE7BB251F332A00926AAD /* Release */ = {
			isa = XCBuildConfiguration;
			buildSettings = {
				ASSETCATALOG_COMPILER_APPICON_NAME = AppIcon;
				ASSETCATALOG_COMPILER_GLOBAL_ACCENT_COLOR_NAME = AccentColor;
				CODE_SIGN_STYLE = Automatic;
				DEVELOPMENT_TEAM = Z9LJ2SPF7Z;
				INFOPLIST_FILE = GojekAssignment/Info.plist;
				IPHONEOS_DEPLOYMENT_TARGET = 11.0;
				LD_RUNPATH_SEARCH_PATHS = (
					"$(inherited)",
					"@executable_path/Frameworks",
				);
				PRODUCT_BUNDLE_IDENTIFIER = com.one97.IpayWallet;
				PRODUCT_NAME = "$(TARGET_NAME)";
				SWIFT_VERSION = 5.0;
				TARGETED_DEVICE_FAMILY = 1;
			};
			name = Release;
		};
		04EFE7BD251F332A00926AAD /* Debug */ = {
			isa = XCBuildConfiguration;
			buildSettings = {
				ALWAYS_EMBED_SWIFT_STANDARD_LIBRARIES = YES;
				BUNDLE_LOADER = "$(TEST_HOST)";
				CODE_SIGN_STYLE = Automatic;
				DEVELOPMENT_TEAM = 473A78ZXTY;
				INFOPLIST_FILE = GojekAssignmentTests/Info.plist;
				IPHONEOS_DEPLOYMENT_TARGET = 14.0;
				LD_RUNPATH_SEARCH_PATHS = (
					"$(inherited)",
					"@executable_path/Frameworks",
					"@loader_path/Frameworks",
				);
				PRODUCT_BUNDLE_IDENTIFIER = Gojek.GojekAssignmentTests;
				PRODUCT_NAME = "$(TARGET_NAME)";
				SWIFT_VERSION = 5.0;
				TARGETED_DEVICE_FAMILY = "1,2";
				TEST_HOST = "$(BUILT_PRODUCTS_DIR)/GojekAssignment.app/GojekAssignment";
			};
			name = Debug;
		};
		04EFE7BE251F332A00926AAD /* Release */ = {
			isa = XCBuildConfiguration;
			buildSettings = {
				ALWAYS_EMBED_SWIFT_STANDARD_LIBRARIES = YES;
				BUNDLE_LOADER = "$(TEST_HOST)";
				CODE_SIGN_STYLE = Automatic;
				DEVELOPMENT_TEAM = 473A78ZXTY;
				INFOPLIST_FILE = GojekAssignmentTests/Info.plist;
				IPHONEOS_DEPLOYMENT_TARGET = 14.0;
				LD_RUNPATH_SEARCH_PATHS = (
					"$(inherited)",
					"@executable_path/Frameworks",
					"@loader_path/Frameworks",
				);
				PRODUCT_BUNDLE_IDENTIFIER = Gojek.GojekAssignmentTests;
				PRODUCT_NAME = "$(TARGET_NAME)";
				SWIFT_VERSION = 5.0;
				TARGETED_DEVICE_FAMILY = "1,2";
				TEST_HOST = "$(BUILT_PRODUCTS_DIR)/GojekAssignment.app/GojekAssignment";
			};
			name = Release;
		};
		04EFE7C0251F332A00926AAD /* Debug */ = {
			isa = XCBuildConfiguration;
			buildSettings = {
				ALWAYS_EMBED_SWIFT_STANDARD_LIBRARIES = YES;
				CODE_SIGN_STYLE = Automatic;
				DEVELOPMENT_TEAM = 473A78ZXTY;
				INFOPLIST_FILE = GojekAssignmentUITests/Info.plist;
				LD_RUNPATH_SEARCH_PATHS = (
					"$(inherited)",
					"@executable_path/Frameworks",
					"@loader_path/Frameworks",
				);
				PRODUCT_BUNDLE_IDENTIFIER = Gojek.GojekAssignmentUITests;
				PRODUCT_NAME = "$(TARGET_NAME)";
				SWIFT_VERSION = 5.0;
				TARGETED_DEVICE_FAMILY = "1,2";
				TEST_TARGET_NAME = GojekAssignment;
			};
			name = Debug;
		};
		04EFE7C1251F332A00926AAD /* Release */ = {
			isa = XCBuildConfiguration;
			buildSettings = {
				ALWAYS_EMBED_SWIFT_STANDARD_LIBRARIES = YES;
				CODE_SIGN_STYLE = Automatic;
				DEVELOPMENT_TEAM = 473A78ZXTY;
				INFOPLIST_FILE = GojekAssignmentUITests/Info.plist;
				LD_RUNPATH_SEARCH_PATHS = (
					"$(inherited)",
					"@executable_path/Frameworks",
					"@loader_path/Frameworks",
				);
				PRODUCT_BUNDLE_IDENTIFIER = Gojek.GojekAssignmentUITests;
				PRODUCT_NAME = "$(TARGET_NAME)";
				SWIFT_VERSION = 5.0;
				TARGETED_DEVICE_FAMILY = "1,2";
				TEST_TARGET_NAME = GojekAssignment;
			};
			name = Release;
		};
/* End XCBuildConfiguration section */

/* Begin XCConfigurationList section */
		04EFE787251F332300926AAD /* Build configuration list for PBXProject "GojekAssignment" */ = {
			isa = XCConfigurationList;
			buildConfigurations = (
				04EFE7B7251F332A00926AAD /* Debug */,
				04EFE7B8251F332A00926AAD /* Release */,
			);
			defaultConfigurationIsVisible = 0;
			defaultConfigurationName = Release;
		};
		04EFE7B9251F332A00926AAD /* Build configuration list for PBXNativeTarget "GojekAssignment" */ = {
			isa = XCConfigurationList;
			buildConfigurations = (
				04EFE7BA251F332A00926AAD /* Debug */,
				04EFE7BB251F332A00926AAD /* Release */,
			);
			defaultConfigurationIsVisible = 0;
			defaultConfigurationName = Release;
		};
		04EFE7BC251F332A00926AAD /* Build configuration list for PBXNativeTarget "GojekAssignmentTests" */ = {
			isa = XCConfigurationList;
			buildConfigurations = (
				04EFE7BD251F332A00926AAD /* Debug */,
				04EFE7BE251F332A00926AAD /* Release */,
			);
			defaultConfigurationIsVisible = 0;
			defaultConfigurationName = Release;
		};
		04EFE7BF251F332A00926AAD /* Build configuration list for PBXNativeTarget "GojekAssignmentUITests" */ = {
			isa = XCConfigurationList;
			buildConfigurations = (
				04EFE7C0251F332A00926AAD /* Debug */,
				04EFE7C1251F332A00926AAD /* Release */,
			);
			defaultConfigurationIsVisible = 0;
			defaultConfigurationName = Release;
		};
/* End XCConfigurationList section */

/* Begin XCVersionGroup section */
		04EFE798251F332400926AAD /* GojekAssignment.xcdatamodeld */ = {
			isa = XCVersionGroup;
			children = (
				04EFE799251F332400926AAD /* GojekAssignment.xcdatamodel */,
			);
			currentVersion = 04EFE799251F332400926AAD /* GojekAssignment.xcdatamodel */;
			path = GojekAssignment.xcdatamodeld;
			sourceTree = "<group>";
			versionGroupType = wrapper.xcdatamodel;
		};
/* End XCVersionGroup section */
	};
	rootObject = 04EFE784251F332300926AAD /* Project object */;
}
